{
  "name": "tangleai",
  "version": "0.1.0",
  "lockfileVersion": 3,
  "requires": true,
  "packages": {
    "": {
      "name": "tangleai",
      "version": "0.1.0",
      "license": "MIT",
      "workspaces": [
        "packages/*",
        "apps/*"
      ],
      "devDependencies": {
        "@jarenjs/ai": "^0.46.5",
        "@types/node": "^24.3.0",
        "typescript": "^5.9.2"
      },
      "engines": {
        "bun": ">=1.4.0",
        "node": ">=24"
      }
    },
    "apps/desktop": {
      "name": "@tangleai/desktop",
      "version": "0.1.0",
      "license": "MIT",
      "dependencies": {
        "@jarenjs/ai": "^0.46.5",
        "@jarenjs/app": "^0.46.5",
        "@jarenjs/charts": "^0.46.5",
        "@jarenjs/contract": "^0.46.5",
        "@jarenjs/json": "^0.46.5",
        "@jarenjs/md": "^0.46.5",
        "@jarenjs/mermaid": "^0.46.5",
        "@jarenjs/view": "^0.46.5",
        "@tangleai/core": "^0.1.0",
        "@tangleai/documents": "^0.1.0",
        "@tangleai/memory": "^0.1.0",
        "@tangleai/pipeline": "^0.1.0",
        "@tangleai/search": "^0.1.0",
        "@tangleai/store": "^0.1.0"
      },
      "engines": {
        "bun": ">=1.4.0",
        "node": ">=24"
      }
    },
    "apps/pages": {
      "name": "@tangleai/pages",
      "version": "0.1.0",
      "license": "MIT",
      "dependencies": {
        "@jarenjs/app": "^0.46.5",
        "@jarenjs/md": "^0.46.5",
        "@jarenjs/mermaid": "^0.46.5",
        "@jarenjs/view": "^0.46.5",
        "@tangleai/core": "^0.1.0",
        "@tangleai/memory": "^0.1.0",
        "@tangleai/pipeline": "^0.1.0"
      },
      "engines": {
        "node": ">=24"
      }
    },
    "apps/scraper": {
      "name": "@tangleai/scraper",
      "version": "0.1.0",
      "license": "MIT",
      "dependencies": {
        "@tangleai/documents": "^0.1.0",
        "playwright-core": "1.62.1"
      },
      "engines": {
        "bun": ">=1.4.0"
      }
    },
    "node_modules/@jarenjs/ai": {
      "version": "0.46.5",
      "resolved": "https://registry.npmjs.org/@jarenjs/ai/-/ai-0.46.5.tgz",
      "integrity": "sha512-XSJh1S8ZN0xz7Q1u7K5AfiYOWm/dN5JQ2A9o14Cjq52UC7OL+vKJ13O2mMcKWa7HiH8xXsb+6Dgsoqp239HjIQ==",
      "license": "MIT",
      "dependencies": {
        "@jarenjs/core": "^0.46.5",
        "@jarenjs/validate": "^0.46.5"
      },
      "engines": {
        "node": ">=24"
      }
    },
    "node_modules/@jarenjs/app": {
      "version": "0.46.5",
      "resolved": "https://registry.npmjs.org/@jarenjs/app/-/app-0.46.5.tgz",
      "integrity": "sha512-DlQm39OafIzV6eBHtUxbgGiA6nvvcMEMXV0NJj7Y3FRtXI7sKXuCVN8lwHicA9ICMdCxGTQ+9RFHXHl92VyhLg==",
      "license": "MIT",
      "dependencies": {
        "@jarenjs/core": "^0.46.5",
        "@jarenjs/json": "^0.46.5",
        "@jarenjs/view": "^0.46.5"
      },
      "engines": {
        "node": ">=24"
      }
    },
    "node_modules/@jarenjs/charts": {
      "version": "0.46.5",
      "resolved": "https://registry.npmjs.org/@jarenjs/charts/-/charts-0.46.5.tgz",
      "integrity": "sha512-fu42nSomb3LKHQ1E1gp1mT9hcSAQKZ94CjWUXei24dRckD1AB7iRbsSx8uoZ2RVjldHOllo5S62FDL7j2W4U/w==",
      "license": "MIT",
      "dependencies": {
        "@jarenjs/core": "^0.46.5",
        "@jarenjs/view": "^0.46.5"
      },
      "engines": {
        "node": ">=24"
      }
    },
    "node_modules/@jarenjs/contract": {
      "version": "0.46.5",
      "resolved": "https://registry.npmjs.org/@jarenjs/contract/-/contract-0.46.5.tgz",
      "integrity": "sha512-ubW51eP31VK7x529eJy3T+z0U2HBYyVjTrVm0A+x7RZBGEEbDre8gsBVEjH7hYfAP6/zgCs3XrB5+PZekl3Mwg==",
      "license": "MIT",
      "dependencies": {
        "@jarenjs/core": "^0.46.5",
        "@jarenjs/emit": "^0.46.5",
        "@jarenjs/json": "^0.46.5",
        "@jarenjs/validate": "^0.46.5"
      },
      "bin": {
        "jaren-contract": "src/cli.js"
      },
      "engines": {
        "node": ">=24"
      }
    },
    "node_modules/@jarenjs/core": {
      "version": "0.46.5",
      "resolved": "https://registry.npmjs.org/@jarenjs/core/-/core-0.46.5.tgz",
      "integrity": "sha512-yzqd7MnkU/w2BZzxqRqELqKdTNtg+Ku8xU6OOenVuT1qZozXOpYaqTZLGMedUwaAPqfNg0ZH4ovTtyZZ+4P9zA==",
      "license": "MIT",
      "engines": {
        "node": ">=24"
      }
    },
    "node_modules/@jarenjs/db": {
      "version": "0.46.5",
      "resolved": "https://registry.npmjs.org/@jarenjs/db/-/db-0.46.5.tgz",
      "integrity": "sha512-OXb0r8+HSN3TXWmp36dzNtdKas0oYWRs9uFmKbICfgcyT5xONRFIAOjQ2YxfJokJ4PTp33S0j2mYHyiB1TuGEQ==",
      "license": "MIT",
      "dependencies": {
        "@jarenjs/core": "^0.46.5",
        "@jarenjs/json": "^0.46.5",
        "@jarenjs/validate": "^0.46.5"
      },
      "bin": {
        "jaren-db": "src/cli.js"
      },
      "engines": {
        "node": ">=24"
      }
    },
    "node_modules/@jarenjs/emit": {
      "version": "0.46.5",
      "resolved": "https://registry.npmjs.org/@jarenjs/emit/-/emit-0.46.5.tgz",
      "integrity": "sha512-S+Hlme6FAtRO60N8rpEOnglVCYEtw5X1waYGSUNqSHG+/QH5j9wVcuYxlrzCj0AcmcjAYLUxGH7i2tLnGbYPcA==",
      "license": "MIT",
      "dependencies": {
        "@jarenjs/core": "^0.46.5",
        "@jarenjs/json": "^0.46.5",
        "@jarenjs/validate": "^0.46.5"
      },
      "bin": {
        "jaren-emit": "src/cli.js"
      },
      "engines": {
        "node": ">=24"
      }
    },
    "node_modules/@jarenjs/flow": {
      "version": "0.46.5",
      "resolved": "https://registry.npmjs.org/@jarenjs/flow/-/flow-0.46.5.tgz",
      "integrity": "sha512-H49MGWo8OcFi8JmB9UOBjg0Ck6lnjDuHTpoyg8hNDplT/VvZOBzVGpcUmCTnq+ovgrMUz1xy+IqccLMJAbvPzQ==",
      "license": "MIT",
      "dependencies": {
        "@jarenjs/core": "^0.46.5",
        "@jarenjs/json": "^0.46.5"
      },
      "engines": {
        "node": ">=24"
      }
    },
    "node_modules/@jarenjs/json": {
      "version": "0.46.5",
      "resolved": "https://registry.npmjs.org/@jarenjs/json/-/json-0.46.5.tgz",
      "integrity": "sha512-xHD89PsA66o8rZZ5ujCk2W1nFi1EB6U922c1m86cHFNxQdzKxICgJKNUk/SQXf6GOxSnRFRnwPbiyPYnDKY4Pw==",
      "license": "MIT",
      "dependencies": {
        "@jarenjs/core": "^0.46.5"
      },
      "engines": {
        "node": ">=24"
      }
    },
    "node_modules/@jarenjs/md": {
      "version": "0.46.5",
      "resolved": "https://registry.npmjs.org/@jarenjs/md/-/md-0.46.5.tgz",
      "integrity": "sha512-+Subp1uS7DfYOl4UZUSeBkpC+2dJ8MGo6WMpO/hxptWtiTDum+Aby9QzaUtq7/GcQd0SW//bE2Sdv8OKvqkvog==",
      "license": "MIT",
      "dependencies": {
        "@jarenjs/core": "^0.46.5",
        "@jarenjs/mermaid": "^0.46.5",
        "@jarenjs/view": "^0.46.5"
      },
      "engines": {
        "node": ">=24"
      }
    },
    "node_modules/@jarenjs/mermaid": {
      "version": "0.46.5",
      "resolved": "https://registry.npmjs.org/@jarenjs/mermaid/-/mermaid-0.46.5.tgz",
      "integrity": "sha512-vQUS3tCGWfXmyS4OWH+GmruJUyGVntzoUSjrjhm5S3SgfXh+FTbTPJ24uxBmhx2OWX1J32ucfTLvE0bQi589dQ==",
      "license": "MIT",
      "dependencies": {
        "@jarenjs/charts": "^0.46.5",
        "@jarenjs/core": "^0.46.5",
        "@jarenjs/view": "^0.46.5"
      },
      "engines": {
        "node": ">=24"
      }
    },
    "node_modules/@jarenjs/validate": {
      "version": "0.46.5",
      "resolved": "https://registry.npmjs.org/@jarenjs/validate/-/validate-0.46.5.tgz",
      "integrity": "sha512-gUj1M7Ixa6Kjn51S+xtpHBKpIvmUH47Is5NNlaIACNejh2hdwe9Dpy8FrMl5tlgynKqbH752UwxjORcxXU5BAA==",
      "license": "MIT",
      "dependencies": {
        "@jarenjs/core": "^0.46.5",
        "@jarenjs/json": "^0.46.5"
      },
      "engines": {
        "node": ">=24"
      }
    },
    "node_modules/@jarenjs/view": {
      "version": "0.46.5",
      "resolved": "https://registry.npmjs.org/@jarenjs/view/-/view-0.46.5.tgz",
      "integrity": "sha512-Tbx5CslLzU0f0X95hB1xXUROfJeCgJzAvXkjnGeXN7xiW/8HIPd1brOreSqJeWQFzwDOoFeUNcgaSgYMIX57Mw==",
      "license": "MIT",
      "dependencies": {
        "@jarenjs/core": "^0.46.5"
      },
      "engines": {
        "node": ">=24"
      }
    },
    "node_modules/@tangleai/core": {
      "resolved": "packages/core",
      "link": true
    },
    "node_modules/@tangleai/desktop": {
      "resolved": "apps/desktop",
      "link": true
    },
    "node_modules/@tangleai/documents": {
      "resolved": "packages/documents",
      "link": true
    },
    "node_modules/@tangleai/memory": {
      "resolved": "packages/memory",
      "link": true
    },
    "node_modules/@tangleai/pages": {
      "resolved": "apps/pages",
      "link": true
    },
    "node_modules/@tangleai/pipeline": {
      "resolved": "packages/pipeline",
      "link": true
    },
    "node_modules/@tangleai/scraper": {
      "resolved": "apps/scraper",
      "link": true
    },
    "node_modules/@tangleai/search": {
      "resolved": "packages/search",
      "link": true
    },
    "node_modules/@tangleai/store": {
      "resolved": "packages/store",
      "link": true
    },
    "node_modules/@types/node": {
      "version": "24.13.3",
      "resolved": "https://registry.npmjs.org/@types/node/-/node-24.13.3.tgz",
      "integrity": "sha512-Dh8vAsV36ig5wa9OX4pXvMc9D3Veibfw2wix0CUwYODLD8nkj9UsLjASr49nPg+2eKzxhBV+v7L8pXvT4e639Q==",
      "dev": true,
      "license": "MIT",
      "dependencies": {
        "undici-types": "~7.18.0"
      }
    },
    "node_modules/boolbase": {
      "version": "1.0.0",
      "resolved": "https://registry.npmjs.org/boolbase/-/boolbase-1.0.0.tgz",
      "integrity": "sha512-JZOSA7Mo9sNGB8+UjSgzdLtokWAky1zbztM3WRLCbZ70/3cTANmQmOdR7y2g+J0e2WXywy1yS468tY+IruqEww==",
      "license": "ISC"
    },
    "node_modules/css-select": {
      "version": "5.2.2",
      "resolved": "https://registry.npmjs.org/css-select/-/css-select-5.2.2.tgz",
      "integrity": "sha512-TizTzUddG/xYLA3NXodFM0fSbNizXjOKhqiQQwvhlspadZokn1KDy0NZFS0wuEubIYAV5/c1/lAr0TaaFXEXzw==",
      "license": "BSD-2-Clause",
      "dependencies": {
        "boolbase": "^1.0.0",
        "css-what": "^6.1.0",
        "domhandler": "^5.0.2",
        "domutils": "^3.0.1",
        "nth-check": "^2.0.1"
      },
      "funding": {
        "url": "https://github.com/sponsors/fb55"
      }
    },
    "node_modules/css-what": {
      "version": "6.2.2",
      "resolved": "https://registry.npmjs.org/css-what/-/css-what-6.2.2.tgz",
      "integrity": "sha512-u/O3vwbptzhMs3L1fQE82ZSLHQQfto5gyZzwteVIEyeaY5Fc7R4dapF/BvRoSYFeqfBk4m0V1Vafq5Pjv25wvA==",
      "license": "BSD-2-Clause",
      "engines": {
        "node": ">= 6"
      },
      "funding": {
        "url": "https://github.com/sponsors/fb55"
      }
    },
    "node_modules/cssom": {
      "version": "0.5.0",
      "resolved": "https://registry.npmjs.org/cssom/-/cssom-0.5.0.tgz",
      "integrity": "sha512-iKuQcq+NdHqlAcwUY0o/HL69XQrUaQdMjmStJ8JFmUaiiQErlhrmuigkg/CU4E2J0IyUKUrMAgl36TvN67MqTw==",
      "license": "MIT"
    },
    "node_modules/dom-serializer": {
      "version": "2.0.0",
      "resolved": "https://registry.npmjs.org/dom-serializer/-/dom-serializer-2.0.0.tgz",
      "integrity": "sha512-wIkAryiqt/nV5EQKqQpo3SToSOV9J0DnbJqwK7Wv/Trc92zIAYZ4FlMu+JPFW1DfGFt81ZTCGgDEabffXeLyJg==",
      "license": "MIT",
      "dependencies": {
        "domelementtype": "^2.3.0",
        "domhandler": "^5.0.2",
        "entities": "^4.2.0"
      },
      "funding": {
        "url": "https://github.com/cheeriojs/dom-serializer?sponsor=1"
      }
    },
    "node_modules/domelementtype": {
      "version": "2.3.0",
      "resolved": "https://registry.npmjs.org/domelementtype/-/domelementtype-2.3.0.tgz",
      "integrity": "sha512-OLETBj6w0OsagBwdXnPdN0cnMfF9opN69co+7ZrbfPGrdpPVNBUj02spi6B1N7wChLQiPn4CSH/zJvXw56gmHw==",
      "funding": [
        {
          "type": "github",
          "url": "https://github.com/sponsors/fb55"
        }
      ],
      "license": "BSD-2-Clause"
    },
    "node_modules/domhandler": {
      "version": "5.0.3",
      "resolved": "https://registry.npmjs.org/domhandler/-/domhandler-5.0.3.tgz",
      "integrity": "sha512-cgwlv/1iFQiFnU96XXgROh8xTeetsnJiDsTc7TYCLFd9+/WNkIqPTxiM/8pSd8VIrhXGTf1Ny1q1hquVqDJB5w==",
      "license": "BSD-2-Clause",
      "dependencies": {
        "domelementtype": "^2.3.0"
      },
      "engines": {
        "node": ">= 4"
      },
      "funding": {
        "url": "https://github.com/fb55/domhandler?sponsor=1"
      }
    },
    "node_modules/domutils": {
      "version": "3.2.2",
      "resolved": "https://registry.npmjs.org/domutils/-/domutils-3.2.2.tgz",
      "integrity": "sha512-6kZKyUajlDuqlHKVX1w7gyslj9MPIXzIFiz/rGu35uC1wMi+kMhQwGhl4lt9unC9Vb9INnY9Z3/ZA3+FhASLaw==",
      "license": "BSD-2-Clause",
      "dependencies": {
        "dom-serializer": "^2.0.0",
        "domelementtype": "^2.3.0",
        "domhandler": "^5.0.3"
      },
      "funding": {
        "url": "https://github.com/fb55/domutils?sponsor=1"
      }
    },
    "node_modules/entities": {
      "version": "4.5.0",
      "resolved": "https://registry.npmjs.org/entities/-/entities-4.5.0.tgz",
      "integrity": "sha512-V0hjH4dGPh9Ao5p0MoRY6BVqtwCjhz6vI5LT8AJ55H+4g9/4vbHx1I54fS0XuclLhDHArPQCiMjDxjaL8fPxhw==",
      "license": "BSD-2-Clause",
      "engines": {
        "node": ">=0.12"
      },
      "funding": {
        "url": "https://github.com/fb55/entities?sponsor=1"
      }
    },
    "node_modules/html-escaper": {
      "version": "3.0.3",
      "resolved": "https://registry.npmjs.org/html-escaper/-/html-escaper-3.0.3.tgz",
      "integrity": "sha512-RuMffC89BOWQoY0WKGpIhn5gX3iI54O6nRA0yC124NYVtzjmFWBIiFd8M0x+ZdX0P9R4lADg1mgP8C7PxGOWuQ==",
      "license": "MIT"
    },
    "node_modules/htmlparser2": {
      "version": "10.1.0",
      "resolved": "https://registry.npmjs.org/htmlparser2/-/htmlparser2-10.1.0.tgz",
      "integrity": "sha512-VTZkM9GWRAtEpveh7MSF6SjjrpNVNNVJfFup7xTY3UpFtm67foy9HDVXneLtFVt4pMz5kZtgNcvCniNFb1hlEQ==",
      "funding": [
        "https://github.com/fb55/htmlparser2?sponsor=1",
        {
          "type": "github",
          "url": "https://github.com/sponsors/fb55"
        }
      ],
      "license": "MIT",
      "dependencies": {
        "domelementtype": "^2.3.0",
        "domhandler": "^5.0.3",
        "domutils": "^3.2.2",
        "entities": "^7.0.1"
      }
    },
    "node_modules/htmlparser2/node_modules/entities": {
      "version": "7.0.1",
      "resolved": "https://registry.npmjs.org/entities/-/entities-7.0.1.tgz",
      "integrity": "sha512-TWrgLOFUQTH994YUyl1yT4uyavY5nNB5muff+RtWaqNVCAK408b5ZnnbNAUEWLTCpum9w6arT70i1XdQ4UeOPA==",
      "license": "BSD-2-Clause",
      "engines": {
        "node": ">=0.12"
      },
      "funding": {
        "url": "https://github.com/fb55/entities?sponsor=1"
      }
    },
    "node_modules/linkedom": {
      "version": "0.18.12",
      "resolved": "https://registry.npmjs.org/linkedom/-/linkedom-0.18.12.tgz",
      "integrity": "sha512-jalJsOwIKuQJSeTvsgzPe9iJzyfVaEJiEXl+25EkKevsULHvMJzpNqwvj1jOESWdmgKDiXObyjOYwlUqG7wo1Q==",
      "license": "ISC",
      "dependencies": {
        "css-select": "^5.1.0",
        "cssom": "^0.5.0",
        "html-escaper": "^3.0.3",
        "htmlparser2": "^10.0.0",
        "uhyphen": "^0.2.0"
      },
      "engines": {
        "node": ">=16"
      },
      "peerDependencies": {
        "canvas": ">= 2"
      },
      "peerDependenciesMeta": {
        "canvas": {
          "optional": true
        }
      }
    },
    "node_modules/nth-check": {
      "version": "2.1.1",
      "resolved": "https://registry.npmjs.org/nth-check/-/nth-check-2.1.1.tgz",
      "integrity": "sha512-lqjrjmaOoAnWfMmBPL+XNnynZh2+swxiX3WUE0s4yEHI6m+AwrK2UZOimIRl3X/4QctVqS8AiZjFqyOGrMXb/w==",
      "license": "BSD-2-Clause",
      "dependencies": {
        "boolbase": "^1.0.0"
      },
      "funding": {
        "url": "https://github.com/fb55/nth-check?sponsor=1"
      }
    },
    "node_modules/playwright-core": {
      "version": "1.62.1",
      "resolved": "https://registry.npmjs.org/playwright-core/-/playwright-core-1.62.1.tgz",
      "integrity": "sha512-wPYSwEBJY9GHraISXqyqtx0na0LpO3XEX7jNDhntbex7tzUS7kLnZsOlFruFJB4Hi/rhDMjXGqHewDZ68nYZVw==",
      "license": "Apache-2.0",
      "bin": {
        "playwright-core": "cli.js"
      },
      "engines": {
        "node": ">=20"
      }
    },
    "node_modules/typescript": {
      "version": "5.9.3",
      "resolved": "https://registry.npmjs.org/typescript/-/typescript-5.9.3.tgz",
      "integrity": "sha512-jl1vZzPDinLr9eUt3J/t7V6FgNEw9QjvBPdysz9KfQDD41fQrC2Y4vKQdiaUpFT4bXlb1RHhLpp8wtm6M5TgSw==",
      "dev": true,
      "license": "Apache-2.0",
      "bin": {
        "tsc": "bin/tsc",
        "tsserver": "bin/tsserver"
      },
      "engines": {
        "node": ">=14.17"
      }
    },
    "node_modules/uhyphen": {
      "version": "0.2.0",
      "resolved": "https://registry.npmjs.org/uhyphen/-/uhyphen-0.2.0.tgz",
      "integrity": "sha512-qz3o9CHXmJJPGBdqzab7qAYuW8kQGKNEuoHFYrBwV6hWIMcpAmxDLXojcHfFr9US1Pe6zUswEIJIbLI610fuqA==",
      "license": "ISC"
    },
    "node_modules/undici-types": {
      "version": "7.18.2",
      "resolved": "https://registry.npmjs.org/undici-types/-/undici-types-7.18.2.tgz",
      "integrity": "sha512-AsuCzffGHJybSaRrmr5eHr81mwJU3kjw6M+uprWvCXiNeN9SOGwQ3Jn8jb8m3Z6izVgknn1R0FTCEAP2QrLY/w==",
      "dev": true,
      "license": "MIT"
    },
    "node_modules/unpdf": {
      "version": "1.6.2",
      "resolved": "https://registry.npmjs.org/unpdf/-/unpdf-1.6.2.tgz",
      "integrity": "sha512-zQ80ySoPuPHOsvIoRp/nJyQt8TOUoTh1+WBCGcBvlddQNgKDLRwm0AY3x8Q35I7+kIiRSgqMx+Ma2pl9McIp7A==",
      "license": "MIT",
      "peerDependencies": {
        "@napi-rs/canvas": "^0.1.69"
      },
      "peerDependenciesMeta": {
        "@napi-rs/canvas": {
          "optional": true
        }
      }
    },
    "packages/core": {
      "name": "@tangleai/core",
      "version": "0.1.0",
      "license": "MIT",
      "engines": {
        "node": ">=24"
      }
    },
    "packages/documents": {
      "name": "@tangleai/documents",
      "version": "0.1.0",
      "license": "MIT",
      "dependencies": {
        "@jarenjs/ai": "^0.46.5",
        "@tangleai/core": "^0.1.0",
        "linkedom": "0.18.12",
        "unpdf": "1.6.2"
      },
      "engines": {
        "bun": ">=1.4.0",
        "node": ">=24"
      }
    },
    "packages/memory": {
      "name": "@tangleai/memory",
      "version": "0.1.0",
      "license": "MIT",
      "dependencies": {
        "@jarenjs/core": "^0.46.5",
        "@jarenjs/validate": "^0.46.5",
        "@tangleai/core": "^0.1.0"
      },
      "engines": {
        "node": ">=24"
      }
    },
    "packages/pipeline": {
      "name": "@tangleai/pipeline",
      "version": "0.1.0",
      "license": "MIT",
      "dependencies": {
        "@jarenjs/ai": "^0.46.5",
        "@jarenjs/flow": "^0.46.5",
        "@jarenjs/json": "^0.46.5",
        "@jarenjs/mermaid": "^0.46.5",
        "@tangleai/core": "^0.1.0",
        "@tangleai/memory": "^0.1.0"
      },
      "engines": {
        "node": ">=24"
      }
    },
    "packages/providers": {
      "name": "@tangleai/providers",
      "version": "0.1.0",
      "extraneous": true,
      "license": "MIT",
      "dependencies": {
        "@tangleai/core": "^0.1.0"
      },
      "engines": {
        "node": ">=24"
      }
    },
    "packages/search": {
      "name": "@tangleai/search",
      "version": "0.1.0",
      "license": "MIT",
      "dependencies": {
        "@tangleai/core": "^0.1.0"
      },
      "engines": {
        "node": ">=24"
      }
    },
    "packages/store": {
      "name": "@tangleai/store",
      "version": "0.1.0",
      "license": "MIT",
      "dependencies": {
        "@jarenjs/db": "^0.46.5",
        "@jarenjs/validate": "^0.46.5",
        "@tangleai/core": "^0.1.0",
        "@tangleai/documents": "^0.1.0"
      },
      "engines": {
        "node": ">=24"
      }
    }
  }
}
