{
  "name": "tangleai",
  "version": "0.1.0",
  "lockfileVersion": 3,
  "requires": true,
  "packages": {
    "": {
      "name": "tangleai",
      "version": "0.1.0",
      "license": "MIT",
      "workspaces": [
        "packages/*",
        "apps/*"
      ],
      "devDependencies": {
        "@jarenjs/ai": "^0.43.1",
        "@types/node": "^24.3.0",
        "typescript": "^5.9.2"
      },
      "engines": {
        "node": ">=24"
      }
    },
    "apps/desktop": {
      "name": "@tangleai/desktop",
      "version": "0.1.0",
      "license": "MIT",
      "dependencies": {
        "@jarenjs/ai": "^0.43.1",
        "@jarenjs/app": "^0.43.1",
        "@jarenjs/charts": "^0.43.1",
        "@jarenjs/contract": "^0.43.1",
        "@jarenjs/json": "^0.43.1",
        "@jarenjs/md": "^0.43.1",
        "@jarenjs/mermaid": "^0.43.1",
        "@jarenjs/view": "^0.43.1",
        "@tangleai/core": "^0.1.0",
        "@tangleai/memory": "^0.1.0",
        "@tangleai/pipeline": "^0.1.0",
        "@tangleai/providers": "^0.1.0",
        "@tangleai/store": "^0.1.0"
      },
      "engines": {
        "node": ">=24"
      }
    },
    "apps/pages": {
      "name": "@tangleai/pages",
      "version": "0.1.0",
      "license": "MIT",
      "dependencies": {
        "@jarenjs/app": "^0.43.1",
        "@jarenjs/md": "^0.43.1",
        "@jarenjs/mermaid": "^0.43.1",
        "@jarenjs/view": "^0.43.1",
        "@tangleai/core": "^0.1.0",
        "@tangleai/memory": "^0.1.0",
        "@tangleai/pipeline": "^0.1.0"
      },
      "engines": {
        "node": ">=24"
      }
    },
    "node_modules/@jarenjs/ai": {
      "version": "0.43.1",
      "resolved": "https://registry.npmjs.org/@jarenjs/ai/-/ai-0.43.1.tgz",
      "integrity": "sha512-rVWNGcSFtomJM/UrmKtc96Kobu6iIo69hdrpSoF7p+gI76j85Jfb9HkOAPgoy03VRgdldRZT8Ts/jY2W1XG9TA==",
      "license": "MIT",
      "dependencies": {
        "@jarenjs/core": "^0.43.1",
        "@jarenjs/validate": "^0.43.1"
      },
      "engines": {
        "node": ">=24"
      }
    },
    "node_modules/@jarenjs/app": {
      "version": "0.43.1",
      "resolved": "https://registry.npmjs.org/@jarenjs/app/-/app-0.43.1.tgz",
      "integrity": "sha512-upEOMd//Ie0FUHRITY0fN59NOeOkRmXpzfkrrSCwvq/Nh+7rXAKYKRf6LQxYZOLJ2yjw8Ow/uFAUj8/91mRYxA==",
      "license": "MIT",
      "dependencies": {
        "@jarenjs/core": "^0.43.1",
        "@jarenjs/json": "^0.43.1",
        "@jarenjs/view": "^0.43.1"
      },
      "engines": {
        "node": ">=24"
      }
    },
    "node_modules/@jarenjs/charts": {
      "version": "0.43.1",
      "resolved": "https://registry.npmjs.org/@jarenjs/charts/-/charts-0.43.1.tgz",
      "integrity": "sha512-5Yo6EEhUPw4d53N93JyfXi6xC7gl5e0F+QYuc2f1qYcRPaEJQ6jSBmfk2izhibeYWkOHQSejDyGJLVNYJemL9w==",
      "license": "MIT",
      "dependencies": {
        "@jarenjs/core": "^0.43.1",
        "@jarenjs/view": "^0.43.1"
      },
      "engines": {
        "node": ">=24"
      }
    },
    "node_modules/@jarenjs/contract": {
      "version": "0.43.1",
      "resolved": "https://registry.npmjs.org/@jarenjs/contract/-/contract-0.43.1.tgz",
      "integrity": "sha512-JEM8hdDCBIGoxpOyFhcyqa1DT6crA05bMPV2E240lHWMaLRJnzOx6A76s7nJpGi0StKy3pgCQnGlkj4zg9uk8A==",
      "license": "MIT",
      "dependencies": {
        "@jarenjs/core": "^0.43.1",
        "@jarenjs/emit": "^0.43.1",
        "@jarenjs/json": "^0.43.1",
        "@jarenjs/validate": "^0.43.1"
      },
      "bin": {
        "jaren-contract": "src/cli.js"
      },
      "engines": {
        "node": ">=24"
      }
    },
    "node_modules/@jarenjs/core": {
      "version": "0.43.1",
      "resolved": "https://registry.npmjs.org/@jarenjs/core/-/core-0.43.1.tgz",
      "integrity": "sha512-SY94NT6glfMf9rhs19zZ07CXC/FCfcBcP8Dq+dK3vZ1Znclo2nOB9PpQp8nbnPrFcymk1TE1x8eoJdVoKc6F/g==",
      "license": "MIT",
      "engines": {
        "node": ">=24"
      }
    },
    "node_modules/@jarenjs/db": {
      "version": "0.43.1",
      "resolved": "https://registry.npmjs.org/@jarenjs/db/-/db-0.43.1.tgz",
      "integrity": "sha512-zGm45IzvKCvYHW8e5snZyvlRUOMcBXo0IzYzOgwzjANk67gkRZ0/yyO90uBaojG03pBZGqHrmpq3spoWhqAIfg==",
      "license": "MIT",
      "dependencies": {
        "@jarenjs/core": "^0.43.1",
        "@jarenjs/json": "^0.43.1",
        "@jarenjs/validate": "^0.43.1"
      },
      "bin": {
        "jaren-db": "src/cli.js"
      },
      "engines": {
        "node": ">=24"
      }
    },
    "node_modules/@jarenjs/emit": {
      "version": "0.43.1",
      "resolved": "https://registry.npmjs.org/@jarenjs/emit/-/emit-0.43.1.tgz",
      "integrity": "sha512-Nngog6O2lwS9goz4IwkkgfPpktEIrjeiJ5e4te3hE5Chr4vEemzL6gh4cgP86ULT7+gMiZnA4jYyIUVfDyPvsw==",
      "license": "MIT",
      "dependencies": {
        "@jarenjs/core": "^0.43.1",
        "@jarenjs/json": "^0.43.1",
        "@jarenjs/validate": "^0.43.1"
      },
      "bin": {
        "jaren-emit": "src/cli.js"
      },
      "engines": {
        "node": ">=24"
      }
    },
    "node_modules/@jarenjs/flow": {
      "version": "0.43.1",
      "resolved": "https://registry.npmjs.org/@jarenjs/flow/-/flow-0.43.1.tgz",
      "integrity": "sha512-pBoNPdtBKdA/1KBW8UeJeLc1EWYktNjSWB0zTnLgYefHM+tlpBoa9M0A4+PpvAGTJg+wPcgUFx+eVO/EgZyA9A==",
      "license": "MIT",
      "dependencies": {
        "@jarenjs/core": "^0.43.1",
        "@jarenjs/json": "^0.43.1"
      },
      "engines": {
        "node": ">=24"
      }
    },
    "node_modules/@jarenjs/json": {
      "version": "0.43.1",
      "resolved": "https://registry.npmjs.org/@jarenjs/json/-/json-0.43.1.tgz",
      "integrity": "sha512-fduE2CG00JeMRoxkGbFNDJCBJhimmLTwN06ssEGmLCj3rUSOrAh53dJ2FmLQDMIGDRsHGJIBL4+4A5DY90rUew==",
      "license": "MIT",
      "dependencies": {
        "@jarenjs/core": "^0.43.1"
      },
      "engines": {
        "node": ">=24"
      }
    },
    "node_modules/@jarenjs/md": {
      "version": "0.43.1",
      "resolved": "https://registry.npmjs.org/@jarenjs/md/-/md-0.43.1.tgz",
      "integrity": "sha512-NpCKHKLlDuMy4tUTVZvTIuAoTgOli9MwgOrGf9Jm2/hCzXeBxwEiFTpQmGHWuPVF/jtW6fk/e5UIR49eg9hbmw==",
      "license": "MIT",
      "dependencies": {
        "@jarenjs/core": "^0.43.1",
        "@jarenjs/mermaid": "^0.43.1",
        "@jarenjs/view": "^0.43.1"
      },
      "engines": {
        "node": ">=24"
      }
    },
    "node_modules/@jarenjs/mermaid": {
      "version": "0.43.1",
      "resolved": "https://registry.npmjs.org/@jarenjs/mermaid/-/mermaid-0.43.1.tgz",
      "integrity": "sha512-qu44qpOK4zpzuJFZaqR966ky2/LUhP2Y9EPM8RyePW5CmPuTt8fL5bhbBfH7hWY1NIMrMb2e0jDR7kD6TNtZ5A==",
      "license": "MIT",
      "dependencies": {
        "@jarenjs/charts": "^0.43.1",
        "@jarenjs/core": "^0.43.1",
        "@jarenjs/view": "^0.43.1"
      },
      "engines": {
        "node": ">=24"
      }
    },
    "node_modules/@jarenjs/validate": {
      "version": "0.43.1",
      "resolved": "https://registry.npmjs.org/@jarenjs/validate/-/validate-0.43.1.tgz",
      "integrity": "sha512-WnRDkuSQuYZYdozFnZTojM9yD6JeuzWfn2zypsR1F9wcOoMBGzWom4mRUBhxfKddP41C3L6vWQurOld8hFJz5Q==",
      "license": "MIT",
      "dependencies": {
        "@jarenjs/core": "^0.43.1",
        "@jarenjs/json": "^0.43.1"
      },
      "engines": {
        "node": ">=24"
      }
    },
    "node_modules/@jarenjs/view": {
      "version": "0.43.1",
      "resolved": "https://registry.npmjs.org/@jarenjs/view/-/view-0.43.1.tgz",
      "integrity": "sha512-NMtDjRr2DQWtMwhrLMacX2yQ72maWUaFDlg3f1OI34rVTg+oyp6aQUBBYpRyM0H2lyJ4+08NvwTdG7aw0XcoGQ==",
      "license": "MIT",
      "dependencies": {
        "@jarenjs/core": "^0.43.1"
      },
      "engines": {
        "node": ">=24"
      }
    },
    "node_modules/@tangleai/core": {
      "resolved": "packages/core",
      "link": true
    },
    "node_modules/@tangleai/desktop": {
      "resolved": "apps/desktop",
      "link": true
    },
    "node_modules/@tangleai/memory": {
      "resolved": "packages/memory",
      "link": true
    },
    "node_modules/@tangleai/pages": {
      "resolved": "apps/pages",
      "link": true
    },
    "node_modules/@tangleai/pipeline": {
      "resolved": "packages/pipeline",
      "link": true
    },
    "node_modules/@tangleai/providers": {
      "resolved": "packages/providers",
      "link": true
    },
    "node_modules/@tangleai/search": {
      "resolved": "packages/search",
      "link": true
    },
    "node_modules/@tangleai/store": {
      "resolved": "packages/store",
      "link": true
    },
    "node_modules/@types/node": {
      "version": "24.13.3",
      "resolved": "https://registry.npmjs.org/@types/node/-/node-24.13.3.tgz",
      "integrity": "sha512-Dh8vAsV36ig5wa9OX4pXvMc9D3Veibfw2wix0CUwYODLD8nkj9UsLjASr49nPg+2eKzxhBV+v7L8pXvT4e639Q==",
      "dev": true,
      "license": "MIT",
      "dependencies": {
        "undici-types": "~7.18.0"
      }
    },
    "node_modules/typescript": {
      "version": "5.9.3",
      "resolved": "https://registry.npmjs.org/typescript/-/typescript-5.9.3.tgz",
      "integrity": "sha512-jl1vZzPDinLr9eUt3J/t7V6FgNEw9QjvBPdysz9KfQDD41fQrC2Y4vKQdiaUpFT4bXlb1RHhLpp8wtm6M5TgSw==",
      "dev": true,
      "license": "Apache-2.0",
      "bin": {
        "tsc": "bin/tsc",
        "tsserver": "bin/tsserver"
      },
      "engines": {
        "node": ">=14.17"
      }
    },
    "node_modules/undici-types": {
      "version": "7.18.2",
      "resolved": "https://registry.npmjs.org/undici-types/-/undici-types-7.18.2.tgz",
      "integrity": "sha512-AsuCzffGHJybSaRrmr5eHr81mwJU3kjw6M+uprWvCXiNeN9SOGwQ3Jn8jb8m3Z6izVgknn1R0FTCEAP2QrLY/w==",
      "dev": true,
      "license": "MIT"
    },
    "packages/core": {
      "name": "@tangleai/core",
      "version": "0.1.0",
      "license": "MIT",
      "engines": {
        "node": ">=24"
      }
    },
    "packages/memory": {
      "name": "@tangleai/memory",
      "version": "0.1.0",
      "license": "MIT",
      "dependencies": {
        "@jarenjs/core": "^0.43.1",
        "@jarenjs/validate": "^0.43.1",
        "@tangleai/core": "^0.1.0"
      },
      "engines": {
        "node": ">=24"
      }
    },
    "packages/pipeline": {
      "name": "@tangleai/pipeline",
      "version": "0.1.0",
      "license": "MIT",
      "dependencies": {
        "@jarenjs/flow": "^0.43.1",
        "@jarenjs/json": "^0.43.1",
        "@jarenjs/mermaid": "^0.43.1",
        "@tangleai/core": "^0.1.0",
        "@tangleai/memory": "^0.1.0"
      },
      "engines": {
        "node": ">=24"
      }
    },
    "packages/providers": {
      "name": "@tangleai/providers",
      "version": "0.1.0",
      "license": "MIT",
      "dependencies": {
        "@tangleai/core": "^0.1.0"
      },
      "engines": {
        "node": ">=24"
      }
    },
    "packages/search": {
      "name": "@tangleai/search",
      "version": "0.1.0",
      "license": "MIT",
      "dependencies": {
        "@tangleai/core": "^0.1.0"
      },
      "engines": {
        "node": ">=24"
      }
    },
    "packages/store": {
      "name": "@tangleai/store",
      "version": "0.1.0",
      "license": "MIT",
      "dependencies": {
        "@jarenjs/db": "^0.43.1",
        "@jarenjs/validate": "^0.43.1",
        "@tangleai/core": "^0.1.0"
      },
      "engines": {
        "node": ">=24"
      }
    }
  }
}
