{
  "name": "tangleai",
  "version": "0.1.0",
  "lockfileVersion": 3,
  "requires": true,
  "packages": {
    "": {
      "name": "tangleai",
      "version": "0.1.0",
      "license": "MIT",
      "workspaces": [
        "packages/*"
      ],
      "devDependencies": {
        "@jarenjs/ai": "^0.43.1",
        "@types/node": "^24.3.0",
        "typescript": "^5.9.2"
      },
      "engines": {
        "node": ">=24"
      }
    },
    "node_modules/@jarenjs/ai": {
      "version": "0.43.1",
      "resolved": "https://registry.npmjs.org/@jarenjs/ai/-/ai-0.43.1.tgz",
      "integrity": "sha512-rVWNGcSFtomJM/UrmKtc96Kobu6iIo69hdrpSoF7p+gI76j85Jfb9HkOAPgoy03VRgdldRZT8Ts/jY2W1XG9TA==",
      "dev": true,
      "license": "MIT",
      "dependencies": {
        "@jarenjs/core": "^0.43.1",
        "@jarenjs/validate": "^0.43.1"
      },
      "engines": {
        "node": ">=24"
      }
    },
    "node_modules/@jarenjs/core": {
      "version": "0.43.1",
      "resolved": "https://registry.npmjs.org/@jarenjs/core/-/core-0.43.1.tgz",
      "integrity": "sha512-SY94NT6glfMf9rhs19zZ07CXC/FCfcBcP8Dq+dK3vZ1Znclo2nOB9PpQp8nbnPrFcymk1TE1x8eoJdVoKc6F/g==",
      "license": "MIT",
      "engines": {
        "node": ">=24"
      }
    },
    "node_modules/@jarenjs/json": {
      "version": "0.43.1",
      "resolved": "https://registry.npmjs.org/@jarenjs/json/-/json-0.43.1.tgz",
      "integrity": "sha512-fduE2CG00JeMRoxkGbFNDJCBJhimmLTwN06ssEGmLCj3rUSOrAh53dJ2FmLQDMIGDRsHGJIBL4+4A5DY90rUew==",
      "license": "MIT",
      "dependencies": {
        "@jarenjs/core": "^0.43.1"
      },
      "engines": {
        "node": ">=24"
      }
    },
    "node_modules/@jarenjs/validate": {
      "version": "0.43.1",
      "resolved": "https://registry.npmjs.org/@jarenjs/validate/-/validate-0.43.1.tgz",
      "integrity": "sha512-WnRDkuSQuYZYdozFnZTojM9yD6JeuzWfn2zypsR1F9wcOoMBGzWom4mRUBhxfKddP41C3L6vWQurOld8hFJz5Q==",
      "license": "MIT",
      "dependencies": {
        "@jarenjs/core": "^0.43.1",
        "@jarenjs/json": "^0.43.1"
      },
      "engines": {
        "node": ">=24"
      }
    },
    "node_modules/@tangleai/core": {
      "resolved": "packages/core",
      "link": true
    },
    "node_modules/@tangleai/memory": {
      "resolved": "packages/memory",
      "link": true
    },
    "node_modules/@tangleai/providers": {
      "resolved": "packages/providers",
      "link": true
    },
    "node_modules/@tangleai/search": {
      "resolved": "packages/search",
      "link": true
    },
    "node_modules/@types/node": {
      "version": "24.13.3",
      "resolved": "https://registry.npmjs.org/@types/node/-/node-24.13.3.tgz",
      "integrity": "sha512-Dh8vAsV36ig5wa9OX4pXvMc9D3Veibfw2wix0CUwYODLD8nkj9UsLjASr49nPg+2eKzxhBV+v7L8pXvT4e639Q==",
      "dev": true,
      "license": "MIT",
      "dependencies": {
        "undici-types": "~7.18.0"
      }
    },
    "node_modules/typescript": {
      "version": "5.9.3",
      "resolved": "https://registry.npmjs.org/typescript/-/typescript-5.9.3.tgz",
      "integrity": "sha512-jl1vZzPDinLr9eUt3J/t7V6FgNEw9QjvBPdysz9KfQDD41fQrC2Y4vKQdiaUpFT4bXlb1RHhLpp8wtm6M5TgSw==",
      "dev": true,
      "license": "Apache-2.0",
      "bin": {
        "tsc": "bin/tsc",
        "tsserver": "bin/tsserver"
      },
      "engines": {
        "node": ">=14.17"
      }
    },
    "node_modules/undici-types": {
      "version": "7.18.2",
      "resolved": "https://registry.npmjs.org/undici-types/-/undici-types-7.18.2.tgz",
      "integrity": "sha512-AsuCzffGHJybSaRrmr5eHr81mwJU3kjw6M+uprWvCXiNeN9SOGwQ3Jn8jb8m3Z6izVgknn1R0FTCEAP2QrLY/w==",
      "dev": true,
      "license": "MIT"
    },
    "packages/core": {
      "name": "@tangleai/core",
      "version": "0.1.0",
      "license": "MIT",
      "engines": {
        "node": ">=24"
      }
    },
    "packages/memory": {
      "name": "@tangleai/memory",
      "version": "0.1.0",
      "license": "MIT",
      "dependencies": {
        "@jarenjs/core": "^0.43.1",
        "@jarenjs/validate": "^0.43.1",
        "@tangleai/core": "^0.1.0"
      },
      "engines": {
        "node": ">=24"
      }
    },
    "packages/providers": {
      "name": "@tangleai/providers",
      "version": "0.1.0",
      "license": "MIT",
      "dependencies": {
        "@tangleai/core": "^0.1.0"
      },
      "engines": {
        "node": ">=24"
      }
    },
    "packages/search": {
      "name": "@tangleai/search",
      "version": "0.1.0",
      "license": "MIT",
      "dependencies": {
        "@tangleai/core": "^0.1.0"
      },
      "engines": {
        "node": ">=24"
      }
    }
  }
}
